{
  "name": "testproject",
  "version": "1.0.0",
  "lockfileVersion": 3,
  "requires": true,
  "packages": {
    "": {
      "name": "testproject",
      "version": "1.0.0",
      "license": "ISC",
      "dependencies": {
        "@crosid/generatepassword": "^1.0.1"
      }
    },
    "node_modules/@crosid/generatepassword": {
      "version": "1.0.1",
      "resolved": "https://registry.npmjs.org/@crosid/generatepassword/-/generatepassword-1.0.1.tgz",
      "integrity": "sha512-bcwnfRCVW3F1BB6Wmn0Qrkm6t05Ma58Itsqq6scmhGMJhfELSshfP2bmz/hMs3Z8y/98jfXaXqojHITYGkhiRA=="
    }
  }
}
